
Microsoft Visual Studio Solution File, Format Version 12.00
# Visual Studio 2013
VisualStudioVersion = 12.0.21005.1
MinimumVisualStudioVersion = 10.0.40219.1
Project("{F2A71F9B-5D33-465A-A702-920D77279786}") = "FSharpTraining", "FSharpTraining\FSharpTraining.fsproj", "{46D28F81-0436-46D3-B8BB-2E21C9021E4A}"
EndProject
Project("{F2A71F9B-5D33-465A-A702-920D77279786}") = "FSharpTraining.Exercises", "FSharpTraining.Exercises\FSharpTraining.Exercises.fsproj", "{1F3EDE6E-7D84-45BD-9B0C-00198760A714}"
EndProject
Project("{2150E333-8FDC-42A3-9474-1A3956D46DE8}") = ".nuget", ".nuget", "{F64A9266-D72E-45C1-9C27-D9468FB8B788}"
EndProject
Global
	GlobalSection(SolutionConfigurationPlatforms) = preSolution
		Debug|Any CPU = Debug|Any CPU
		Release|Any CPU = Release|Any CPU
	EndGlobalSection
	GlobalSection(ProjectConfigurationPlatforms) = postSolution
		{46D28F81-0436-46D3-B8BB-2E21C9021E4A}.Debug|Any CPU.ActiveCfg = Debug|Any CPU
		{46D28F81-0436-46D3-B8BB-2E21C9021E4A}.Debug|Any CPU.Build.0 = Debug|Any CPU
		{46D28F81-0436-46D3-B8BB-2E21C9021E4A}.Release|Any CPU.ActiveCfg = Release|Any CPU
		{46D28F81-0436-46D3-B8BB-2E21C9021E4A}.Release|Any CPU.Build.0 = Release|Any CPU
		{1F3EDE6E-7D84-45BD-9B0C-00198760A714}.Debug|Any CPU.ActiveCfg = Debug|Any CPU
		{1F3EDE6E-7D84-45BD-9B0C-00198760A714}.Debug|Any CPU.Build.0 = Debug|Any CPU
		{1F3EDE6E-7D84-45BD-9B0C-00198760A714}.Release|Any CPU.ActiveCfg = Release|Any CPU
		{1F3EDE6E-7D84-45BD-9B0C-00198760A714}.Release|Any CPU.Build.0 = Release|Any CPU
	EndGlobalSection
	GlobalSection(SolutionProperties) = preSolution
		HideSolutionNode = FALSE
	EndGlobalSection
EndGlobal
